
Microsoft Visual Studio Solution File, Format Version 12.00
# Visual Studio Version 17
VisualStudioVersion = 17.2.32630.192
MinimumVisualStudioVersion = 10.0.40219.1
Project("{2150E333-8FDC-42A3-9474-1A3956D46DE8}") = "Solution Items", "Solution Items", "{D1D23CCD-C556-480A-8817-6FD58817A0C8}"
	ProjectSection(SolutionItems) = preProject
		src\CommonAssemblyInfo.cs = src\CommonAssemblyInfo.cs
		src\CommonAssemblyVersion.cs = src\CommonAssemblyVersion.cs
		src\Simple.OData.Client.Net\Simple.OData.Client.nuspec = src\Simple.OData.Client.Net\Simple.OData.Client.nuspec
	EndProjectSection
EndProject
Project("{2150E333-8FDC-42A3-9474-1A3956D46DE8}") = "Tests", "Tests", "{78D04AF9-B9B4-4025-93C6-B3DB01EDAAE9}"
EndProject
Project("{FAE04EC0-301F-11D3-BF4B-00C04F79EFBC}") = "Simple.OData.Client.Net", "src\Simple.OData.Client.Net\Simple.OData.Client.Net.csproj", "{C20A3959-4895-41F8-86E2-7DED294FD904}"
EndProject
Project("{FAE04EC0-301F-11D3-BF4B-00C04F79EFBC}") = "Simple.OData.NorthwindModel", "src\Simple.OData.NorthwindModel\Simple.OData.NorthwindModel.csproj", "{2A909E4D-6493-4D36-9FDE-786B89F9A387}"
EndProject
Project("{FAE04EC0-301F-11D3-BF4B-00C04F79EFBC}") = "Simple.OData.Client.Net.Tests", "src\Simple.OData.Client.Net.Tests\Simple.OData.Client.Net.Tests.csproj", "{898FFD08-B7FC-45FE-A6DD-5AE9C2280D28}"
	ProjectSection(ProjectDependencies) = postProject
		{2A909E4D-6493-4D36-9FDE-786B89F9A387} = {2A909E4D-6493-4D36-9FDE-786B89F9A387}
	EndProjectSection
EndProject
Global
	GlobalSection(SolutionConfigurationPlatforms) = preSolution
		Debug|Any CPU = Debug|Any CPU
		Release|Any CPU = Release|Any CPU
	EndGlobalSection
	GlobalSection(ProjectConfigurationPlatforms) = postSolution
		{C20A3959-4895-41F8-86E2-7DED294FD904}.Debug|Any CPU.ActiveCfg = Debug|Any CPU
		{C20A3959-4895-41F8-86E2-7DED294FD904}.Debug|Any CPU.Build.0 = Debug|Any CPU
		{C20A3959-4895-41F8-86E2-7DED294FD904}.Release|Any CPU.ActiveCfg = Release|Any CPU
		{C20A3959-4895-41F8-86E2-7DED294FD904}.Release|Any CPU.Build.0 = Release|Any CPU
		{2A909E4D-6493-4D36-9FDE-786B89F9A387}.Debug|Any CPU.ActiveCfg = Debug|Any CPU
		{2A909E4D-6493-4D36-9FDE-786B89F9A387}.Debug|Any CPU.Build.0 = Debug|Any CPU
		{2A909E4D-6493-4D36-9FDE-786B89F9A387}.Release|Any CPU.ActiveCfg = Release|Any CPU
		{898FFD08-B7FC-45FE-A6DD-5AE9C2280D28}.Debug|Any CPU.ActiveCfg = Debug|Any CPU
		{898FFD08-B7FC-45FE-A6DD-5AE9C2280D28}.Debug|Any CPU.Build.0 = Debug|Any CPU
		{898FFD08-B7FC-45FE-A6DD-5AE9C2280D28}.Release|Any CPU.ActiveCfg = Release|Any CPU
	EndGlobalSection
	GlobalSection(SolutionProperties) = preSolution
		HideSolutionNode = FALSE
	EndGlobalSection
	GlobalSection(NestedProjects) = preSolution
		{2A909E4D-6493-4D36-9FDE-786B89F9A387} = {78D04AF9-B9B4-4025-93C6-B3DB01EDAAE9}
		{898FFD08-B7FC-45FE-A6DD-5AE9C2280D28} = {78D04AF9-B9B4-4025-93C6-B3DB01EDAAE9}
	EndGlobalSection
	GlobalSection(ExtensibilityGlobals) = postSolution
		SolutionGuid = {2D7BEC2F-D318-43E2-A066-7AE88BF7BB1A}
	EndGlobalSection
EndGlobal
